// !$*UTF8*$!
{
	archiveVersion = 1;
	classes = {
	};
	objectVersion = 48;
	objects = {

/* Begin PBXBuildFile section */
		03CE90EB2543606A009945C0 /* Agorafdkaac.framework in Frameworks */ = {isa = PBXBuildFile; fileRef = 03CE90E625436067009945C0 /* Agorafdkaac.framework */; };
		03CE90EC2543606A009945C0 /* Agorafdkaac.framework in Embed Frameworks */ = {isa = PBXBuildFile; fileRef = 03CE90E625436067009945C0 /* Agorafdkaac.framework */; settings = {ATTRIBUTES = (CodeSignOnCopy, RemoveHeadersOnCopy, ); }; };
		03CE90ED2543606B009945C0 /* Agoraffmpeg.framework in Frameworks */ = {isa = PBXBuildFile; fileRef = 03CE90E525436067009945C0 /* Agoraffmpeg.framework */; };
		03CE90EE2543606B009945C0 /* Agoraffmpeg.framework in Embed Frameworks */ = {isa = PBXBuildFile; fileRef = 03CE90E525436067009945C0 /* Agoraffmpeg.framework */; settings = {ATTRIBUTES = (CodeSignOnCopy, RemoveHeadersOnCopy, ); }; };
		03CE90EF2543606D009945C0 /* AgoraSoundTouch.framework in Frameworks */ = {isa = PBXBuildFile; fileRef = 03CE90E725436067009945C0 /* AgoraSoundTouch.framework */; };
		03CE90F02543606D009945C0 /* AgoraSoundTouch.framework in Embed Frameworks */ = {isa = PBXBuildFile; fileRef = 03CE90E725436067009945C0 /* AgoraSoundTouch.framework */; settings = {ATTRIBUTES = (CodeSignOnCopy, RemoveHeadersOnCopy, ); }; };
		03F7A6C1246CFDC7007D61D9 /* AgoraRtcKit.framework in Frameworks */ = {isa = PBXBuildFile; fileRef = A76C26682386557C0047E150 /* AgoraRtcKit.framework */; };
		03F7A6C2246CFDC7007D61D9 /* AgoraRtcKit.framework in Embed Frameworks */ = {isa = PBXBuildFile; fileRef = A76C26682386557C0047E150 /* AgoraRtcKit.framework */; settings = {ATTRIBUTES = (CodeSignOnCopy, RemoveHeadersOnCopy, ); }; };
		1A2F4525202C072F003783AE /* SettingsViewController.m in Sources */ = {isa = PBXBuildFile; fileRef = 1A2F4523202C072F003783AE /* SettingsViewController.m */; };
		1A2F456E202C4F81003783AE /* ReplacementSegue.m in Sources */ = {isa = PBXBuildFile; fileRef = 1A2F456D202C4F80003783AE /* ReplacementSegue.m */; };
		1A2F4571202C549F003783AE /* LiveRoomViewController.m in Sources */ = {isa = PBXBuildFile; fileRef = 1A2F4570202C549F003783AE /* LiveRoomViewController.m */; };
		1A2F458E202C8897003783AE /* VideoViewLayouter.m in Sources */ = {isa = PBXBuildFile; fileRef = 1A2F458D202C8897003783AE /* VideoViewLayouter.m */; };
		1A2F4591202C88A4003783AE /* KeyCenter.m in Sources */ = {isa = PBXBuildFile; fileRef = 1A2F4590202C88A4003783AE /* KeyCenter.m */; };
		1A2F4596202D4405003783AE /* MediaInfo.m in Sources */ = {isa = PBXBuildFile; fileRef = 1A2F4595202D4405003783AE /* MediaInfo.m */; };
		1A2F45A2202D7486003783AE /* VideoSession.m in Sources */ = {isa = PBXBuildFile; fileRef = 1A2F45A1202D7486003783AE /* VideoSession.m */; };
		1AFA9DC5202BF0A500D782CB /* AppDelegate.m in Sources */ = {isa = PBXBuildFile; fileRef = 1AFA9DC4202BF0A500D782CB /* AppDelegate.m */; };
		1AFA9DCA202BF0A500D782CB /* Assets.xcassets in Resources */ = {isa = PBXBuildFile; fileRef = 1AFA9DC9202BF0A500D782CB /* Assets.xcassets */; };
		1AFA9DCD202BF0A500D782CB /* Main.storyboard in Resources */ = {isa = PBXBuildFile; fileRef = 1AFA9DCB202BF0A500D782CB /* Main.storyboard */; };
		1AFA9DD0202BF0A600D782CB /* main.m in Sources */ = {isa = PBXBuildFile; fileRef = 1AFA9DCF202BF0A600D782CB /* main.m */; };
		1AFA9DF5202BF28900D782CB /* MainWindowController.m in Sources */ = {isa = PBXBuildFile; fileRef = 1AFA9DF4202BF28900D782CB /* MainWindowController.m */; };
		1AFA9DF8202BF2C100D782CB /* MainViewController.m in Sources */ = {isa = PBXBuildFile; fileRef = 1AFA9DF7202BF2C100D782CB /* MainViewController.m */; };
/* End PBXBuildFile section */

/* Begin PBXCopyFilesBuildPhase section */
		03F7A6C3246CFDC7007D61D9 /* Embed Frameworks */ = {
			isa = PBXCopyFilesBuildPhase;
			buildActionMask = 2147483647;
			dstPath = "";
			dstSubfolderSpec = 10;
			files = (
				03F7A6C2246CFDC7007D61D9 /* AgoraRtcKit.framework in Embed Frameworks */,
				03CE90EE2543606B009945C0 /* Agoraffmpeg.framework in Embed Frameworks */,
				03CE90EC2543606A009945C0 /* Agorafdkaac.framework in Embed Frameworks */,
				03CE90F02543606D009945C0 /* AgoraSoundTouch.framework in Embed Frameworks */,
			);
			name = "Embed Frameworks";
			runOnlyForDeploymentPostprocessing = 0;
		};
/* End PBXCopyFilesBuildPhase section */

/* Begin PBXFileReference section */
		03CE90E525436067009945C0 /* Agoraffmpeg.framework */ = {isa = PBXFileReference; lastKnownFileType = wrapper.framework; path = Agoraffmpeg.framework; sourceTree = "<group>"; };
		03CE90E625436067009945C0 /* Agorafdkaac.framework */ = {isa = PBXFileReference; lastKnownFileType = wrapper.framework; path = Agorafdkaac.framework; sourceTree = "<group>"; };
		03CE90E725436067009945C0 /* AgoraSoundTouch.framework */ = {isa = PBXFileReference; lastKnownFileType = wrapper.framework; path = AgoraSoundTouch.framework; sourceTree = "<group>"; };
		1A2F4522202C072F003783AE /* SettingsViewController.h */ = {isa = PBXFileReference; lastKnownFileType = sourcecode.c.h; path = SettingsViewController.h; sourceTree = "<group>"; };
		1A2F4523202C072F003783AE /* SettingsViewController.m */ = {isa = PBXFileReference; lastKnownFileType = sourcecode.c.objc; path = SettingsViewController.m; sourceTree = "<group>"; };
		1A2F456C202C4F80003783AE /* ReplacementSegue.h */ = {isa = PBXFileReference; lastKnownFileType = sourcecode.c.h; path = ReplacementSegue.h; sourceTree = "<group>"; };
		1A2F456D202C4F80003783AE /* ReplacementSegue.m */ = {isa = PBXFileReference; lastKnownFileType = sourcecode.c.objc; path = ReplacementSegue.m; sourceTree = "<group>"; };
		1A2F456F202C549F003783AE /* LiveRoomViewController.h */ = {isa = PBXFileReference; lastKnownFileType = sourcecode.c.h; path = LiveRoomViewController.h; sourceTree = "<group>"; };
		1A2F4570202C549F003783AE /* LiveRoomViewController.m */ = {isa = PBXFileReference; lastKnownFileType = sourcecode.c.objc; path = LiveRoomViewController.m; sourceTree = "<group>"; };
		1A2F458C202C8897003783AE /* VideoViewLayouter.h */ = {isa = PBXFileReference; lastKnownFileType = sourcecode.c.h; path = VideoViewLayouter.h; sourceTree = "<group>"; };
		1A2F458D202C8897003783AE /* VideoViewLayouter.m */ = {isa = PBXFileReference; lastKnownFileType = sourcecode.c.objc; path = VideoViewLayouter.m; sourceTree = "<group>"; };
		1A2F458F202C88A4003783AE /* KeyCenter.h */ = {isa = PBXFileReference; lastKnownFileType = sourcecode.c.h; path = KeyCenter.h; sourceTree = "<group>"; };
		1A2F4590202C88A4003783AE /* KeyCenter.m */ = {isa = PBXFileReference; lastKnownFileType = sourcecode.c.objc; path = KeyCenter.m; sourceTree = "<group>"; };
		1A2F4594202D4405003783AE /* MediaInfo.h */ = {isa = PBXFileReference; lastKnownFileType = sourcecode.c.h; path = MediaInfo.h; sourceTree = "<group>"; };
		1A2F4595202D4405003783AE /* MediaInfo.m */ = {isa = PBXFileReference; lastKnownFileType = sourcecode.c.objc; path = MediaInfo.m; sourceTree = "<group>"; };
		1A2F45A0202D7486003783AE /* VideoSession.h */ = {isa = PBXFileReference; lastKnownFileType = sourcecode.c.h; path = VideoSession.h; sourceTree = "<group>"; };
		1A2F45A1202D7486003783AE /* VideoSession.m */ = {isa = PBXFileReference; lastKnownFileType = sourcecode.c.objc; path = VideoSession.m; sourceTree = "<group>"; };
		1A2F45A4202D75AF003783AE /* SystemConfiguration.framework */ = {isa = PBXFileReference; lastKnownFileType = wrapper.framework; name = SystemConfiguration.framework; path = System/Library/Frameworks/SystemConfiguration.framework; sourceTree = SDKROOT; };
		1A2F45A6202D75B8003783AE /* libresolv.tbd */ = {isa = PBXFileReference; lastKnownFileType = "sourcecode.text-based-dylib-definition"; name = libresolv.tbd; path = usr/lib/libresolv.tbd; sourceTree = SDKROOT; };
		1A2F45A8202D75C1003783AE /* libc++.tbd */ = {isa = PBXFileReference; lastKnownFileType = "sourcecode.text-based-dylib-definition"; name = "libc++.tbd"; path = "usr/lib/libc++.tbd"; sourceTree = SDKROOT; };
		1A2F45AA202D75C7003783AE /* CoreAudio.framework */ = {isa = PBXFileReference; lastKnownFileType = wrapper.framework; name = CoreAudio.framework; path = System/Library/Frameworks/CoreAudio.framework; sourceTree = SDKROOT; };
		1A2F45AC202D75CE003783AE /* CoreWLAN.framework */ = {isa = PBXFileReference; lastKnownFileType = wrapper.framework; name = CoreWLAN.framework; path = System/Library/Frameworks/CoreWLAN.framework; sourceTree = SDKROOT; };
		1A2F45AE202D75D4003783AE /* CoreMedia.framework */ = {isa = PBXFileReference; lastKnownFileType = wrapper.framework; name = CoreMedia.framework; path = System/Library/Frameworks/CoreMedia.framework; sourceTree = SDKROOT; };
		1A2F45B0202D75DA003783AE /* AudioToolbox.framework */ = {isa = PBXFileReference; lastKnownFileType = wrapper.framework; name = AudioToolbox.framework; path = System/Library/Frameworks/AudioToolbox.framework; sourceTree = SDKROOT; };
		1A2F45B2202D75E0003783AE /* VideoToolbox.framework */ = {isa = PBXFileReference; lastKnownFileType = wrapper.framework; name = VideoToolbox.framework; path = System/Library/Frameworks/VideoToolbox.framework; sourceTree = SDKROOT; };
		1A2F45B4202D75E6003783AE /* AVFoundation.framework */ = {isa = PBXFileReference; lastKnownFileType = wrapper.framework; name = AVFoundation.framework; path = System/Library/Frameworks/AVFoundation.framework; sourceTree = SDKROOT; };
		1AFA9DC0202BF0A500D782CB /* OpenLive.app */ = {isa = PBXFileReference; explicitFileType = wrapper.application; includeInIndex = 0; path = OpenLive.app; sourceTree = BUILT_PRODUCTS_DIR; };
		1AFA9DC3202BF0A500D782CB /* AppDelegate.h */ = {isa = PBXFileReference; lastKnownFileType = sourcecode.c.h; path = AppDelegate.h; sourceTree = "<group>"; };
		1AFA9DC4202BF0A500D782CB /* AppDelegate.m */ = {isa = PBXFileReference; lastKnownFileType = sourcecode.c.objc; path = AppDelegate.m; sourceTree = "<group>"; };
		1AFA9DC9202BF0A500D782CB /* Assets.xcassets */ = {isa = PBXFileReference; lastKnownFileType = folder.assetcatalog; path = Assets.xcassets; sourceTree = "<group>"; };
		1AFA9DCC202BF0A500D782CB /* Base */ = {isa = PBXFileReference; lastKnownFileType = file.storyboard; name = Base; path = Base.lproj/Main.storyboard; sourceTree = "<group>"; };
		1AFA9DCE202BF0A600D782CB /* Info.plist */ = {isa = PBXFileReference; lastKnownFileType = text.plist.xml; path = Info.plist; sourceTree = "<group>"; };
		1AFA9DCF202BF0A600D782CB /* main.m */ = {isa = PBXFileReference; lastKnownFileType = sourcecode.c.objc; path = main.m; sourceTree = "<group>"; };
		1AFA9DD1202BF0A600D782CB /* OpenLive.entitlements */ = {isa = PBXFileReference; lastKnownFileType = text.plist.entitlements; path = OpenLive.entitlements; sourceTree = "<group>"; };
		1AFA9DF3202BF28900D782CB /* MainWindowController.h */ = {isa = PBXFileReference; lastKnownFileType = sourcecode.c.h; path = MainWindowController.h; sourceTree = "<group>"; };
		1AFA9DF4202BF28900D782CB /* MainWindowController.m */ = {isa = PBXFileReference; lastKnownFileType = sourcecode.c.objc; path = MainWindowController.m; sourceTree = "<group>"; };
		1AFA9DF6202BF2C100D782CB /* MainViewController.h */ = {isa = PBXFileReference; lastKnownFileType = sourcecode.c.h; path = MainViewController.h; sourceTree = "<group>"; };
		1AFA9DF7202BF2C100D782CB /* MainViewController.m */ = {isa = PBXFileReference; lastKnownFileType = sourcecode.c.objc; path = MainViewController.m; sourceTree = "<group>"; };
		A76C26682386557C0047E150 /* AgoraRtcKit.framework */ = {isa = PBXFileReference; lastKnownFileType = wrapper.framework; path = AgoraRtcKit.framework; sourceTree = "<group>"; };
		A7C50EF02121663D00774322 /* Accelerate.framework */ = {isa = PBXFileReference; lastKnownFileType = wrapper.framework; name = Accelerate.framework; path = System/Library/Frameworks/Accelerate.framework; sourceTree = SDKROOT; };
/* End PBXFileReference section */

/* Begin PBXFrameworksBuildPhase section */
		1AFA9DBD202BF0A500D782CB /* Frameworks */ = {
			isa = PBXFrameworksBuildPhase;
			buildActionMask = 2147483647;
			files = (
				03CE90ED2543606B009945C0 /* Agoraffmpeg.framework in Frameworks */,
				03CE90EB2543606A009945C0 /* Agorafdkaac.framework in Frameworks */,
				03F7A6C1246CFDC7007D61D9 /* AgoraRtcKit.framework in Frameworks */,
				03CE90EF2543606D009945C0 /* AgoraSoundTouch.framework in Frameworks */,
			);
			runOnlyForDeploymentPostprocessing = 0;
		};
/* End PBXFrameworksBuildPhase section */

/* Begin PBXGroup section */
		1A2F45A3202D75AF003783AE /* Frameworks */ = {
			isa = PBXGroup;
			children = (
				A7C50EF02121663D00774322 /* Accelerate.framework */,
				1A2F45B4202D75E6003783AE /* AVFoundation.framework */,
				1A2F45B2202D75E0003783AE /* VideoToolbox.framework */,
				1A2F45B0202D75DA003783AE /* AudioToolbox.framework */,
				1A2F45AE202D75D4003783AE /* CoreMedia.framework */,
				1A2F45AC202D75CE003783AE /* CoreWLAN.framework */,
				1A2F45AA202D75C7003783AE /* CoreAudio.framework */,
				1A2F45A8202D75C1003783AE /* libc++.tbd */,
				1A2F45A6202D75B8003783AE /* libresolv.tbd */,
				1A2F45A4202D75AF003783AE /* SystemConfiguration.framework */,
			);
			name = Frameworks;
			sourceTree = "<group>";
		};
		1AFA9DB7202BF0A500D782CB = {
			isa = PBXGroup;
			children = (
				1AFA9DC2202BF0A500D782CB /* OpenLive */,
				1AFA9DC1202BF0A500D782CB /* Products */,
				1A2F45A3202D75AF003783AE /* Frameworks */,
			);
			sourceTree = "<group>";
		};
		1AFA9DC1202BF0A500D782CB /* Products */ = {
			isa = PBXGroup;
			children = (
				1AFA9DC0202BF0A500D782CB /* OpenLive.app */,
			);
			name = Products;
			sourceTree = "<group>";
		};
		1AFA9DC2202BF0A500D782CB /* OpenLive */ = {
			isa = PBXGroup;
			children = (
				03CE90E625436067009945C0 /* Agorafdkaac.framework */,
				03CE90E525436067009945C0 /* Agoraffmpeg.framework */,
				03CE90E725436067009945C0 /* AgoraSoundTouch.framework */,
				1AFA9DCB202BF0A500D782CB /* Main.storyboard */,
				1AFA9DF6202BF2C100D782CB /* MainViewController.h */,
				1AFA9DF7202BF2C100D782CB /* MainViewController.m */,
				1A2F4522202C072F003783AE /* SettingsViewController.h */,
				1A2F4523202C072F003783AE /* SettingsViewController.m */,
				1A2F456F202C549F003783AE /* LiveRoomViewController.h */,
				1A2F4570202C549F003783AE /* LiveRoomViewController.m */,
				1A2F458F202C88A4003783AE /* KeyCenter.h */,
				1A2F4590202C88A4003783AE /* KeyCenter.m */,
				1A2F45A0202D7486003783AE /* VideoSession.h */,
				1A2F45A1202D7486003783AE /* VideoSession.m */,
				1A2F458C202C8897003783AE /* VideoViewLayouter.h */,
				1A2F458D202C8897003783AE /* VideoViewLayouter.m */,
				1A2F4594202D4405003783AE /* MediaInfo.h */,
				1A2F4595202D4405003783AE /* MediaInfo.m */,
				38127CDD21FB2D1D0025C28F /* Supporting Files */,
				A76C26682386557C0047E150 /* AgoraRtcKit.framework */,
			);
			path = OpenLive;
			sourceTree = "<group>";
		};
		38127CDD21FB2D1D0025C28F /* Supporting Files */ = {
			isa = PBXGroup;
			children = (
				1A2F456C202C4F80003783AE /* ReplacementSegue.h */,
				1A2F456D202C4F80003783AE /* ReplacementSegue.m */,
				1AFA9DC9202BF0A500D782CB /* Assets.xcassets */,
				1AFA9DC3202BF0A500D782CB /* AppDelegate.h */,
				1AFA9DC4202BF0A500D782CB /* AppDelegate.m */,
				1AFA9DF3202BF28900D782CB /* MainWindowController.h */,
				1AFA9DF4202BF28900D782CB /* MainWindowController.m */,
				1AFA9DCE202BF0A600D782CB /* Info.plist */,
				1AFA9DCF202BF0A600D782CB /* main.m */,
				1AFA9DD1202BF0A600D782CB /* OpenLive.entitlements */,
			);
			name = "Supporting Files";
			sourceTree = "<group>";
		};
/* End PBXGroup section */

/* Begin PBXNativeTarget section */
		1AFA9DBF202BF0A500D782CB /* OpenLive */ = {
			isa = PBXNativeTarget;
			buildConfigurationList = 1AFA9DEA202BF0A600D782CB /* Build configuration list for PBXNativeTarget "OpenLive" */;
			buildPhases = (
				1AFA9DBC202BF0A500D782CB /* Sources */,
				1AFA9DBD202BF0A500D782CB /* Frameworks */,
				1AFA9DBE202BF0A500D782CB /* Resources */,
				03F7A6C3246CFDC7007D61D9 /* Embed Frameworks */,
			);
			buildRules = (
			);
			dependencies = (
			);
			name = OpenLive;
			productName = OpenLive;
			productReference = 1AFA9DC0202BF0A500D782CB /* OpenLive.app */;
			productType = "com.apple.product-type.application";
		};
/* End PBXNativeTarget section */

/* Begin PBXProject section */
		1AFA9DB8202BF0A500D782CB /* Project object */ = {
			isa = PBXProject;
			attributes = {
				LastUpgradeCheck = 1020;
				ORGANIZATIONNAME = Agora.io;
				TargetAttributes = {
					1AFA9DBF202BF0A500D782CB = {
						CreatedOnToolsVersion = 9.2;
						ProvisioningStyle = Manual;
					};
				};
			};
			buildConfigurationList = 1AFA9DBB202BF0A500D782CB /* Build configuration list for PBXProject "OpenLive" */;
			compatibilityVersion = "Xcode 8.0";
			developmentRegion = en;
			hasScannedForEncodings = 0;
			knownRegions = (
				en,
				Base,
			);
			mainGroup = 1AFA9DB7202BF0A500D782CB;
			productRefGroup = 1AFA9DC1202BF0A500D782CB /* Products */;
			projectDirPath = "";
			projectRoot = "";
			targets = (
				1AFA9DBF202BF0A500D782CB /* OpenLive */,
			);
		};
/* End PBXProject section */

/* Begin PBXResourcesBuildPhase section */
		1AFA9DBE202BF0A500D782CB /* Resources */ = {
			isa = PBXResourcesBuildPhase;
			buildActionMask = 2147483647;
			files = (
				1AFA9DCA202BF0A500D782CB /* Assets.xcassets in Resources */,
				1AFA9DCD202BF0A500D782CB /* Main.storyboard in Resources */,
			);
			runOnlyForDeploymentPostprocessing = 0;
		};
/* End PBXResourcesBuildPhase section */

/* Begin PBXSourcesBuildPhase section */
		1AFA9DBC202BF0A500D782CB /* Sources */ = {
			isa = PBXSourcesBuildPhase;
			buildActionMask = 2147483647;
			files = (
				1AFA9DF5202BF28900D782CB /* MainWindowController.m in Sources */,
				1A2F4571202C549F003783AE /* LiveRoomViewController.m in Sources */,
				1AFA9DD0202BF0A600D782CB /* main.m in Sources */,
				1A2F45A2202D7486003783AE /* VideoSession.m in Sources */,
				1AFA9DC5202BF0A500D782CB /* AppDelegate.m in Sources */,
				1AFA9DF8202BF2C100D782CB /* MainViewController.m in Sources */,
				1A2F4591202C88A4003783AE /* KeyCenter.m in Sources */,
				1A2F4596202D4405003783AE /* MediaInfo.m in Sources */,
				1A2F458E202C8897003783AE /* VideoViewLayouter.m in Sources */,
				1A2F456E202C4F81003783AE /* ReplacementSegue.m in Sources */,
				1A2F4525202C072F003783AE /* SettingsViewController.m in Sources */,
			);
			runOnlyForDeploymentPostprocessing = 0;
		};
/* End PBXSourcesBuildPhase section */

/* Begin PBXVariantGroup section */
		1AFA9DCB202BF0A500D782CB /* Main.storyboard */ = {
			isa = PBXVariantGroup;
			children = (
				1AFA9DCC202BF0A500D782CB /* Base */,
			);
			name = Main.storyboard;
			sourceTree = "<group>";
		};
/* End PBXVariantGroup section */

/* Begin XCBuildConfiguration section */
		1AFA9DE8202BF0A600D782CB /* Debug */ = {
			isa = XCBuildConfiguration;
			buildSettings = {
				ALWAYS_SEARCH_USER_PATHS = NO;
				CLANG_ANALYZER_NONNULL = YES;
				CLANG_ANALYZER_NUMBER_OBJECT_CONVERSION = YES_AGGRESSIVE;
				CLANG_CXX_LANGUAGE_STANDARD = "gnu++14";
				CLANG_CXX_LIBRARY = "libc++";
				CLANG_ENABLE_MODULES = YES;
				CLANG_ENABLE_OBJC_ARC = YES;
				CLANG_WARN_BLOCK_CAPTURE_AUTORELEASING = YES;
				CLANG_WARN_BOOL_CONVERSION = YES;
				CLANG_WARN_COMMA = YES;
				CLANG_WARN_CONSTANT_CONVERSION = YES;
				CLANG_WARN_DEPRECATED_OBJC_IMPLEMENTATIONS = YES;
				CLANG_WARN_DIRECT_OBJC_ISA_USAGE = YES_ERROR;
				CLANG_WARN_DOCUMENTATION_COMMENTS = YES;
				CLANG_WARN_EMPTY_BODY = YES;
				CLANG_WARN_ENUM_CONVERSION = YES;
				CLANG_WARN_INFINITE_RECURSION = YES;
				CLANG_WARN_INT_CONVERSION = YES;
				CLANG_WARN_NON_LITERAL_NULL_CONVERSION = YES;
				CLANG_WARN_OBJC_IMPLICIT_RETAIN_SELF = YES;
				CLANG_WARN_OBJC_LITERAL_CONVERSION = YES;
				CLANG_WARN_OBJC_ROOT_CLASS = YES_ERROR;
				CLANG_WARN_RANGE_LOOP_ANALYSIS = YES;
				CLANG_WARN_STRICT_PROTOTYPES = YES;
				CLANG_WARN_SUSPICIOUS_MOVE = YES;
				CLANG_WARN_UNGUARDED_AVAILABILITY = YES_AGGRESSIVE;
				CLANG_WARN_UNREACHABLE_CODE = YES;
				CLANG_WARN__DUPLICATE_METHOD_MATCH = YES;
				CODE_SIGN_IDENTITY = "-";
				COPY_PHASE_STRIP = NO;
				DEBUG_INFORMATION_FORMAT = dwarf;
				ENABLE_STRICT_OBJC_MSGSEND = YES;
				ENABLE_TESTABILITY = YES;
				GCC_C_LANGUAGE_STANDARD = gnu11;
				GCC_DYNAMIC_NO_PIC = NO;
				GCC_NO_COMMON_BLOCKS = YES;
				GCC_OPTIMIZATION_LEVEL = 0;
				GCC_PREPROCESSOR_DEFINITIONS = (
					"DEBUG=1",
					"$(inherited)",
				);
				GCC_WARN_64_TO_32_BIT_CONVERSION = YES;
				GCC_WARN_ABOUT_RETURN_TYPE = YES_ERROR;
				GCC_WARN_UNDECLARED_SELECTOR = YES;
				GCC_WARN_UNINITIALIZED_AUTOS = YES_AGGRESSIVE;
				GCC_WARN_UNUSED_FUNCTION = YES;
				GCC_WARN_UNUSED_VARIABLE = YES;
				MACOSX_DEPLOYMENT_TARGET = 10.13;
				MTL_ENABLE_DEBUG_INFO = YES;
				ONLY_ACTIVE_ARCH = YES;
				SDKROOT = macosx;
			};
			name = Debug;
		};
		1AFA9DE9202BF0A600D782CB /* Release */ = {
			isa = XCBuildConfiguration;
			buildSettings = {
				ALWAYS_SEARCH_USER_PATHS = NO;
				CLANG_ANALYZER_NONNULL = YES;
				CLANG_ANALYZER_NUMBER_OBJECT_CONVERSION = YES_AGGRESSIVE;
				CLANG_CXX_LANGUAGE_STANDARD = "gnu++14";
				CLANG_CXX_LIBRARY = "libc++";
				CLANG_ENABLE_MODULES = YES;
				CLANG_ENABLE_OBJC_ARC = YES;
				CLANG_WARN_BLOCK_CAPTURE_AUTORELEASING = YES;
				CLANG_WARN_BOOL_CONVERSION = YES;
				CLANG_WARN_COMMA = YES;
				CLANG_WARN_CONSTANT_CONVERSION = YES;
				CLANG_WARN_DEPRECATED_OBJC_IMPLEMENTATIONS = YES;
				CLANG_WARN_DIRECT_OBJC_ISA_USAGE = YES_ERROR;
				CLANG_WARN_DOCUMENTATION_COMMENTS = YES;
				CLANG_WARN_EMPTY_BODY = YES;
				CLANG_WARN_ENUM_CONVERSION = YES;
				CLANG_WARN_INFINITE_RECURSION = YES;
				CLANG_WARN_INT_CONVERSION = YES;
				CLANG_WARN_NON_LITERAL_NULL_CONVERSION = YES;
				CLANG_WARN_OBJC_IMPLICIT_RETAIN_SELF = YES;
				CLANG_WARN_OBJC_LITERAL_CONVERSION = YES;
				CLANG_WARN_OBJC_ROOT_CLASS = YES_ERROR;
				CLANG_WARN_RANGE_LOOP_ANALYSIS = YES;
				CLANG_WARN_STRICT_PROTOTYPES = YES;
				CLANG_WARN_SUSPICIOUS_MOVE = YES;
				CLANG_WARN_UNGUARDED_AVAILABILITY = YES_AGGRESSIVE;
				CLANG_WARN_UNREACHABLE_CODE = YES;
				CLANG_WARN__DUPLICATE_METHOD_MATCH = YES;
				CODE_SIGN_IDENTITY = "-";
				COPY_PHASE_STRIP = NO;
				DEBUG_INFORMATION_FORMAT = "dwarf-with-dsym";
				ENABLE_NS_ASSERTIONS = NO;
				ENABLE_STRICT_OBJC_MSGSEND = YES;
				GCC_C_LANGUAGE_STANDARD = gnu11;
				GCC_NO_COMMON_BLOCKS = YES;
				GCC_WARN_64_TO_32_BIT_CONVERSION = YES;
				GCC_WARN_ABOUT_RETURN_TYPE = YES_ERROR;
				GCC_WARN_UNDECLARED_SELECTOR = YES;
				GCC_WARN_UNINITIALIZED_AUTOS = YES_AGGRESSIVE;
				GCC_WARN_UNUSED_FUNCTION = YES;
				GCC_WARN_UNUSED_VARIABLE = YES;
				MACOSX_DEPLOYMENT_TARGET = 10.13;
				MTL_ENABLE_DEBUG_INFO = NO;
				SDKROOT = macosx;
			};
			name = Release;
		};
		1AFA9DEB202BF0A600D782CB /* Debug */ = {
			isa = XCBuildConfiguration;
			buildSettings = {
				ASSETCATALOG_COMPILER_APPICON_NAME = AppIcon;
				CODE_SIGN_IDENTITY = "Mac Developer";
				COMBINE_HIDPI_IMAGES = YES;
				DEVELOPMENT_TEAM = GM72UGLGZW;
				FRAMEWORK_SEARCH_PATHS = (
					"$(inherited)",
					"$(PROJECT_DIR)/OpenLive",
				);
				INFOPLIST_FILE = OpenLive/Info.plist;
				LD_RUNPATH_SEARCH_PATHS = "$(inherited) @executable_path/../Frameworks";
				MACOSX_DEPLOYMENT_TARGET = 10.11;
				PRODUCT_BUNDLE_IDENTIFIER = io.agora.OpenLive;
				PRODUCT_NAME = "$(TARGET_NAME)";
				PROVISIONING_PROFILE_SPECIFIER = "";
			};
			name = Debug;
		};
		1AFA9DEC202BF0A600D782CB /* Release */ = {
			isa = XCBuildConfiguration;
			buildSettings = {
				ASSETCATALOG_COMPILER_APPICON_NAME = AppIcon;
				CODE_SIGN_IDENTITY = "Mac Developer";
				CODE_SIGN_STYLE = Manual;
				COMBINE_HIDPI_IMAGES = YES;
				DEVELOPMENT_TEAM = GM72UGLGZW;
				FRAMEWORK_SEARCH_PATHS = (
					"$(inherited)",
					"$(PROJECT_DIR)/OpenLive",
				);
				INFOPLIST_FILE = OpenLive/Info.plist;
				LD_RUNPATH_SEARCH_PATHS = "$(inherited) @executable_path/../Frameworks";
				MACOSX_DEPLOYMENT_TARGET = 10.11;
				PRODUCT_BUNDLE_IDENTIFIER = io.agora.OpenLive;
				PRODUCT_NAME = "$(TARGET_NAME)";
				PROVISIONING_PROFILE_SPECIFIER = "";
			};
			name = Release;
		};
/* End XCBuildConfiguration section */

/* Begin XCConfigurationList section */
		1AFA9DBB202BF0A500D782CB /* Build configuration list for PBXProject "OpenLive" */ = {
			isa = XCConfigurationList;
			buildConfigurations = (
				1AFA9DE8202BF0A600D782CB /* Debug */,
				1AFA9DE9202BF0A600D782CB /* Release */,
			);
			defaultConfigurationIsVisible = 0;
			defaultConfigurationName = Release;
		};
		1AFA9DEA202BF0A600D782CB /* Build configuration list for PBXNativeTarget "OpenLive" */ = {
			isa = XCConfigurationList;
			buildConfigurations = (
				1AFA9DEB202BF0A600D782CB /* Debug */,
				1AFA9DEC202BF0A600D782CB /* Release */,
			);
			defaultConfigurationIsVisible = 0;
			defaultConfigurationName = Release;
		};
/* End XCConfigurationList section */
	};
	rootObject = 1AFA9DB8202BF0A500D782CB /* Project object */;
}
