// !$*UTF8*$!
{
	archiveVersion = 1;
	classes = {
	};
	objectVersion = 46;
	objects = {

/* Begin PBXBuildFile section */
		071CE2311D79362D00B82401 /* AppDelegate.swift in Sources */ = {isa = PBXBuildFile; fileRef = 071CE2301D79362D00B82401 /* AppDelegate.swift */; };
		071CE2351D79362D00B82401 /* Assets.xcassets in Resources */ = {isa = PBXBuildFile; fileRef = 071CE2341D79362D00B82401 /* Assets.xcassets */; };
		071CE2381D79362D00B82401 /* Main.storyboard in Resources */ = {isa = PBXBuildFile; fileRef = 071CE2361D79362D00B82401 /* Main.storyboard */; };
		075589691D79531A004B0DEA /* MainViewController.swift in Sources */ = {isa = PBXBuildFile; fileRef = 075589651D79531A004B0DEA /* MainViewController.swift */; };
		0755896A1D79531A004B0DEA /* MainWindowController.swift in Sources */ = {isa = PBXBuildFile; fileRef = 075589661D79531A004B0DEA /* MainWindowController.swift */; };
		0755896B1D79531A004B0DEA /* LiveRoomViewController.swift in Sources */ = {isa = PBXBuildFile; fileRef = 075589671D79531A004B0DEA /* LiveRoomViewController.swift */; };
		0755896C1D79531A004B0DEA /* SettingsViewController.swift in Sources */ = {isa = PBXBuildFile; fileRef = 075589681D79531A004B0DEA /* SettingsViewController.swift */; };
		075589701D796338004B0DEA /* KeyCenter.swift in Sources */ = {isa = PBXBuildFile; fileRef = 0755896D1D796338004B0DEA /* KeyCenter.swift */; };
		075589721D796338004B0DEA /* MediaInfo.swift in Sources */ = {isa = PBXBuildFile; fileRef = 0755896F1D796338004B0DEA /* MediaInfo.swift */; };
		075589781D7967CB004B0DEA /* VideoSession.swift in Sources */ = {isa = PBXBuildFile; fileRef = 075589761D7967CB004B0DEA /* VideoSession.swift */; };
		075589791D7967CB004B0DEA /* VideoViewLayouter.swift in Sources */ = {isa = PBXBuildFile; fileRef = 075589771D7967CB004B0DEA /* VideoViewLayouter.swift */; };
		0755897E1D796EB6004B0DEA /* AVFoundation.framework in Frameworks */ = {isa = PBXBuildFile; fileRef = 0755897D1D796EB6004B0DEA /* AVFoundation.framework */; };
		075589801D796EBE004B0DEA /* VideoToolbox.framework in Frameworks */ = {isa = PBXBuildFile; fileRef = 0755897F1D796EBE004B0DEA /* VideoToolbox.framework */; };
		075589821D796EDE004B0DEA /* AudioToolbox.framework in Frameworks */ = {isa = PBXBuildFile; fileRef = 075589811D796EDE004B0DEA /* AudioToolbox.framework */; };
		075589841D796EE9004B0DEA /* CoreMedia.framework in Frameworks */ = {isa = PBXBuildFile; fileRef = 075589831D796EE9004B0DEA /* CoreMedia.framework */; };
		075589881D796F15004B0DEA /* CoreWLAN.framework in Frameworks */ = {isa = PBXBuildFile; fileRef = 075589871D796F15004B0DEA /* CoreWLAN.framework */; };
		0755898A1D796F1B004B0DEA /* CoreAudio.framework in Frameworks */ = {isa = PBXBuildFile; fileRef = 075589891D796F1B004B0DEA /* CoreAudio.framework */; };
		0755898D1D796FFC004B0DEA /* libc++.tbd in Frameworks */ = {isa = PBXBuildFile; fileRef = 0755898B1D796FA1004B0DEA /* libc++.tbd */; };
		075589A61D7D44C8004B0DEA /* ReplacementSegue.swift in Sources */ = {isa = PBXBuildFile; fileRef = 075589A51D7D44C8004B0DEA /* ReplacementSegue.swift */; };
		07D29C3E1E9E1A6300C3583C /* AgoraRtcEngineKit.framework in Frameworks */ = {isa = PBXBuildFile; fileRef = 07D29C3D1E9E1A6300C3583C /* AgoraRtcEngineKit.framework */; };
		07D29C411E9E1ABD00C3583C /* libresolv.tbd in Frameworks */ = {isa = PBXBuildFile; fileRef = 07D29C401E9E1ABD00C3583C /* libresolv.tbd */; };
		0F2747C81FB453B6005D3DBA /* SystemConfiguration.framework in Frameworks */ = {isa = PBXBuildFile; fileRef = 0F2747C71FB453AA005D3DBA /* SystemConfiguration.framework */; };
		EE181F6BC4EA9A6D167877CD /* Accelerate.framework in Frameworks */ = {isa = PBXBuildFile; fileRef = A5AC0D4CA14477ED2DD51221 /* Accelerate.framework */; };
/* End PBXBuildFile section */

/* Begin PBXFileReference section */
		071CE22D1D79362D00B82401 /* OpenLive.app */ = {isa = PBXFileReference; explicitFileType = wrapper.application; includeInIndex = 0; path = OpenLive.app; sourceTree = BUILT_PRODUCTS_DIR; };
		071CE2301D79362D00B82401 /* AppDelegate.swift */ = {isa = PBXFileReference; lastKnownFileType = sourcecode.swift; path = AppDelegate.swift; sourceTree = "<group>"; };
		071CE2341D79362D00B82401 /* Assets.xcassets */ = {isa = PBXFileReference; lastKnownFileType = folder.assetcatalog; path = Assets.xcassets; sourceTree = "<group>"; };
		071CE2371D79362D00B82401 /* Base */ = {isa = PBXFileReference; lastKnownFileType = file.storyboard; name = Base; path = Base.lproj/Main.storyboard; sourceTree = "<group>"; };
		071CE2391D79362D00B82401 /* Info.plist */ = {isa = PBXFileReference; lastKnownFileType = text.plist.xml; path = Info.plist; sourceTree = "<group>"; };
		0755895F1D794F9F004B0DEA /* OpenLive-Bridging-Header.h */ = {isa = PBXFileReference; lastKnownFileType = sourcecode.c.h; path = "OpenLive-Bridging-Header.h"; sourceTree = "<group>"; };
		075589651D79531A004B0DEA /* MainViewController.swift */ = {isa = PBXFileReference; fileEncoding = 4; lastKnownFileType = sourcecode.swift; path = MainViewController.swift; sourceTree = "<group>"; };
		075589661D79531A004B0DEA /* MainWindowController.swift */ = {isa = PBXFileReference; fileEncoding = 4; lastKnownFileType = sourcecode.swift; path = MainWindowController.swift; sourceTree = "<group>"; };
		075589671D79531A004B0DEA /* LiveRoomViewController.swift */ = {isa = PBXFileReference; fileEncoding = 4; lastKnownFileType = sourcecode.swift; path = LiveRoomViewController.swift; sourceTree = "<group>"; };
		075589681D79531A004B0DEA /* SettingsViewController.swift */ = {isa = PBXFileReference; fileEncoding = 4; lastKnownFileType = sourcecode.swift; path = SettingsViewController.swift; sourceTree = "<group>"; };
		0755896D1D796338004B0DEA /* KeyCenter.swift */ = {isa = PBXFileReference; fileEncoding = 4; lastKnownFileType = sourcecode.swift; path = KeyCenter.swift; sourceTree = "<group>"; };
		0755896F1D796338004B0DEA /* MediaInfo.swift */ = {isa = PBXFileReference; fileEncoding = 4; lastKnownFileType = sourcecode.swift; path = MediaInfo.swift; sourceTree = "<group>"; };
		075589761D7967CB004B0DEA /* VideoSession.swift */ = {isa = PBXFileReference; fileEncoding = 4; lastKnownFileType = sourcecode.swift; path = VideoSession.swift; sourceTree = "<group>"; };
		075589771D7967CB004B0DEA /* VideoViewLayouter.swift */ = {isa = PBXFileReference; fileEncoding = 4; lastKnownFileType = sourcecode.swift; path = VideoViewLayouter.swift; sourceTree = "<group>"; };
		0755897D1D796EB6004B0DEA /* AVFoundation.framework */ = {isa = PBXFileReference; lastKnownFileType = wrapper.framework; name = AVFoundation.framework; path = System/Library/Frameworks/AVFoundation.framework; sourceTree = SDKROOT; };
		0755897F1D796EBE004B0DEA /* VideoToolbox.framework */ = {isa = PBXFileReference; lastKnownFileType = wrapper.framework; name = VideoToolbox.framework; path = System/Library/Frameworks/VideoToolbox.framework; sourceTree = SDKROOT; };
		075589811D796EDE004B0DEA /* AudioToolbox.framework */ = {isa = PBXFileReference; lastKnownFileType = wrapper.framework; name = AudioToolbox.framework; path = System/Library/Frameworks/AudioToolbox.framework; sourceTree = SDKROOT; };
		075589831D796EE9004B0DEA /* CoreMedia.framework */ = {isa = PBXFileReference; lastKnownFileType = wrapper.framework; name = CoreMedia.framework; path = System/Library/Frameworks/CoreMedia.framework; sourceTree = SDKROOT; };
		075589851D796EF1004B0DEA /* CoreTelephony.framework */ = {isa = PBXFileReference; lastKnownFileType = wrapper.framework; name = CoreTelephony.framework; path = System/Library/Frameworks/CoreTelephony.framework; sourceTree = SDKROOT; };
		075589871D796F15004B0DEA /* CoreWLAN.framework */ = {isa = PBXFileReference; lastKnownFileType = wrapper.framework; name = CoreWLAN.framework; path = System/Library/Frameworks/CoreWLAN.framework; sourceTree = SDKROOT; };
		075589891D796F1B004B0DEA /* CoreAudio.framework */ = {isa = PBXFileReference; lastKnownFileType = wrapper.framework; name = CoreAudio.framework; path = System/Library/Frameworks/CoreAudio.framework; sourceTree = SDKROOT; };
		0755898B1D796FA1004B0DEA /* libc++.tbd */ = {isa = PBXFileReference; lastKnownFileType = "sourcecode.text-based-dylib-definition"; name = "libc++.tbd"; path = "usr/lib/libc++.tbd"; sourceTree = SDKROOT; };
		075589A51D7D44C8004B0DEA /* ReplacementSegue.swift */ = {isa = PBXFileReference; fileEncoding = 4; lastKnownFileType = sourcecode.swift; path = ReplacementSegue.swift; sourceTree = "<group>"; };
		07D29C3D1E9E1A6300C3583C /* AgoraRtcEngineKit.framework */ = {isa = PBXFileReference; lastKnownFileType = wrapper.framework; path = AgoraRtcEngineKit.framework; sourceTree = "<group>"; };
		07D29C401E9E1ABD00C3583C /* libresolv.tbd */ = {isa = PBXFileReference; lastKnownFileType = "sourcecode.text-based-dylib-definition"; name = libresolv.tbd; path = usr/lib/libresolv.tbd; sourceTree = SDKROOT; };
		0F2747C71FB453AA005D3DBA /* SystemConfiguration.framework */ = {isa = PBXFileReference; lastKnownFileType = wrapper.framework; name = SystemConfiguration.framework; path = System/Library/Frameworks/SystemConfiguration.framework; sourceTree = SDKROOT; };
		A5AC0D4CA14477ED2DD51221 /* Accelerate.framework */ = {isa = PBXFileReference; lastKnownFileType = wrapper.framework; name = Accelerate.framework; path = ../../../../../Applications/Xcode.app/Contents/Developer/Platforms/iPhoneOS.platform/Developer/SDKs/iPhoneOS.sdk/System/Library/Frameworks/Accelerate.framework; sourceTree = "<group>"; };
/* End PBXFileReference section */

/* Begin PBXFrameworksBuildPhase section */
		071CE22A1D79362D00B82401 /* Frameworks */ = {
			isa = PBXFrameworksBuildPhase;
			buildActionMask = 2147483647;
			files = (
				0F2747C81FB453B6005D3DBA /* SystemConfiguration.framework in Frameworks */,
				07D29C411E9E1ABD00C3583C /* libresolv.tbd in Frameworks */,
				07D29C3E1E9E1A6300C3583C /* AgoraRtcEngineKit.framework in Frameworks */,
				0755898D1D796FFC004B0DEA /* libc++.tbd in Frameworks */,
				0755898A1D796F1B004B0DEA /* CoreAudio.framework in Frameworks */,
				075589881D796F15004B0DEA /* CoreWLAN.framework in Frameworks */,
				075589841D796EE9004B0DEA /* CoreMedia.framework in Frameworks */,
				075589821D796EDE004B0DEA /* AudioToolbox.framework in Frameworks */,
				075589801D796EBE004B0DEA /* VideoToolbox.framework in Frameworks */,
				0755897E1D796EB6004B0DEA /* AVFoundation.framework in Frameworks */,
				EE181F6BC4EA9A6D167877CD /* Accelerate.framework in Frameworks */,
			);
			runOnlyForDeploymentPostprocessing = 0;
		};
/* End PBXFrameworksBuildPhase section */

/* Begin PBXGroup section */
		071CE2241D79362D00B82401 = {
			isa = PBXGroup;
			children = (
				071CE22F1D79362D00B82401 /* OpenLive */,
				071CE22E1D79362D00B82401 /* Products */,
				07D29C3F1E9E1ABD00C3583C /* Frameworks */,
			);
			sourceTree = "<group>";
		};
		071CE22E1D79362D00B82401 /* Products */ = {
			isa = PBXGroup;
			children = (
				071CE22D1D79362D00B82401 /* OpenLive.app */,
			);
			name = Products;
			sourceTree = "<group>";
		};
		071CE22F1D79362D00B82401 /* OpenLive */ = {
			isa = PBXGroup;
			children = (
				071CE2361D79362D00B82401 /* Main.storyboard */,
				075589661D79531A004B0DEA /* MainWindowController.swift */,
				075589651D79531A004B0DEA /* MainViewController.swift */,
				075589681D79531A004B0DEA /* SettingsViewController.swift */,
				075589671D79531A004B0DEA /* LiveRoomViewController.swift */,
				0755896D1D796338004B0DEA /* KeyCenter.swift */,
				075589761D7967CB004B0DEA /* VideoSession.swift */,
				075589771D7967CB004B0DEA /* VideoViewLayouter.swift */,
				0755896F1D796338004B0DEA /* MediaInfo.swift */,
				075589A51D7D44C8004B0DEA /* ReplacementSegue.swift */,
				07D29C3D1E9E1A6300C3583C /* AgoraRtcEngineKit.framework */,
				075589A71D7D506E004B0DEA /* Frameworks */,
				071CE2301D79362D00B82401 /* AppDelegate.swift */,
				071CE2341D79362D00B82401 /* Assets.xcassets */,
				071CE2391D79362D00B82401 /* Info.plist */,
				0755895F1D794F9F004B0DEA /* OpenLive-Bridging-Header.h */,
			);
			path = OpenLive;
			sourceTree = "<group>";
		};
		075589A71D7D506E004B0DEA /* Frameworks */ = {
			isa = PBXGroup;
			children = (
				0755898B1D796FA1004B0DEA /* libc++.tbd */,
				075589891D796F1B004B0DEA /* CoreAudio.framework */,
				075589871D796F15004B0DEA /* CoreWLAN.framework */,
				075589851D796EF1004B0DEA /* CoreTelephony.framework */,
				075589831D796EE9004B0DEA /* CoreMedia.framework */,
				075589811D796EDE004B0DEA /* AudioToolbox.framework */,
				0755897F1D796EBE004B0DEA /* VideoToolbox.framework */,
				0755897D1D796EB6004B0DEA /* AVFoundation.framework */,
			);
			name = Frameworks;
			sourceTree = "<group>";
		};
		07D29C3F1E9E1ABD00C3583C /* Frameworks */ = {
			isa = PBXGroup;
			children = (
				0F2747C71FB453AA005D3DBA /* SystemConfiguration.framework */,
				07D29C401E9E1ABD00C3583C /* libresolv.tbd */,
				A5AC0D4CA14477ED2DD51221 /* Accelerate.framework */,
			);
			name = Frameworks;
			sourceTree = "<group>";
		};
/* End PBXGroup section */

/* Begin PBXNativeTarget section */
		071CE22C1D79362D00B82401 /* OpenLive */ = {
			isa = PBXNativeTarget;
			buildConfigurationList = 071CE23C1D79362D00B82401 /* Build configuration list for PBXNativeTarget "OpenLive" */;
			buildPhases = (
				071CE2291D79362D00B82401 /* Sources */,
				071CE22A1D79362D00B82401 /* Frameworks */,
				071CE22B1D79362D00B82401 /* Resources */,
			);
			buildRules = (
			);
			dependencies = (
			);
			name = OpenLive;
			productName = OpenLive;
			productReference = 071CE22D1D79362D00B82401 /* OpenLive.app */;
			productType = "com.apple.product-type.application";
		};
/* End PBXNativeTarget section */

/* Begin PBXProject section */
		071CE2251D79362D00B82401 /* Project object */ = {
			isa = PBXProject;
			attributes = {
				LastSwiftUpdateCheck = 0820;
				LastUpgradeCheck = 1010;
				ORGANIZATIONNAME = Agora;
				TargetAttributes = {
					071CE22C1D79362D00B82401 = {
						CreatedOnToolsVersion = 7.3.1;
						LastSwiftMigration = 1010;
						ProvisioningStyle = Manual;
					};
				};
			};
			buildConfigurationList = 071CE2281D79362D00B82401 /* Build configuration list for PBXProject "OpenLive" */;
			compatibilityVersion = "Xcode 3.2";
			developmentRegion = English;
			hasScannedForEncodings = 0;
			knownRegions = (
				en,
				Base,
			);
			mainGroup = 071CE2241D79362D00B82401;
			productRefGroup = 071CE22E1D79362D00B82401 /* Products */;
			projectDirPath = "";
			projectRoot = "";
			targets = (
				071CE22C1D79362D00B82401 /* OpenLive */,
			);
		};
/* End PBXProject section */

/* Begin PBXResourcesBuildPhase section */
		071CE22B1D79362D00B82401 /* Resources */ = {
			isa = PBXResourcesBuildPhase;
			buildActionMask = 2147483647;
			files = (
				071CE2351D79362D00B82401 /* Assets.xcassets in Resources */,
				071CE2381D79362D00B82401 /* Main.storyboard in Resources */,
			);
			runOnlyForDeploymentPostprocessing = 0;
		};
/* End PBXResourcesBuildPhase section */

/* Begin PBXSourcesBuildPhase section */
		071CE2291D79362D00B82401 /* Sources */ = {
			isa = PBXSourcesBuildPhase;
			buildActionMask = 2147483647;
			files = (
				075589791D7967CB004B0DEA /* VideoViewLayouter.swift in Sources */,
				075589781D7967CB004B0DEA /* VideoSession.swift in Sources */,
				075589691D79531A004B0DEA /* MainViewController.swift in Sources */,
				0755896A1D79531A004B0DEA /* MainWindowController.swift in Sources */,
				075589A61D7D44C8004B0DEA /* ReplacementSegue.swift in Sources */,
				0755896B1D79531A004B0DEA /* LiveRoomViewController.swift in Sources */,
				071CE2311D79362D00B82401 /* AppDelegate.swift in Sources */,
				075589701D796338004B0DEA /* KeyCenter.swift in Sources */,
				075589721D796338004B0DEA /* MediaInfo.swift in Sources */,
				0755896C1D79531A004B0DEA /* SettingsViewController.swift in Sources */,
			);
			runOnlyForDeploymentPostprocessing = 0;
		};
/* End PBXSourcesBuildPhase section */

/* Begin PBXVariantGroup section */
		071CE2361D79362D00B82401 /* Main.storyboard */ = {
			isa = PBXVariantGroup;
			children = (
				071CE2371D79362D00B82401 /* Base */,
			);
			name = Main.storyboard;
			sourceTree = "<group>";
		};
/* End PBXVariantGroup section */

/* Begin XCBuildConfiguration section */
		071CE23A1D79362D00B82401 /* Debug */ = {
			isa = XCBuildConfiguration;
			buildSettings = {
				ALWAYS_SEARCH_USER_PATHS = NO;
				CLANG_ANALYZER_NONNULL = YES;
				CLANG_CXX_LANGUAGE_STANDARD = "gnu++0x";
				CLANG_CXX_LIBRARY = "libc++";
				CLANG_ENABLE_MODULES = YES;
				CLANG_ENABLE_OBJC_ARC = YES;
				CLANG_WARN_BLOCK_CAPTURE_AUTORELEASING = YES;
				CLANG_WARN_BOOL_CONVERSION = YES;
				CLANG_WARN_COMMA = YES;
				CLANG_WARN_CONSTANT_CONVERSION = YES;
				CLANG_WARN_DEPRECATED_OBJC_IMPLEMENTATIONS = YES;
				CLANG_WARN_DIRECT_OBJC_ISA_USAGE = YES_ERROR;
				CLANG_WARN_EMPTY_BODY = YES;
				CLANG_WARN_ENUM_CONVERSION = YES;
				CLANG_WARN_INFINITE_RECURSION = YES;
				CLANG_WARN_INT_CONVERSION = YES;
				CLANG_WARN_NON_LITERAL_NULL_CONVERSION = YES;
				CLANG_WARN_OBJC_IMPLICIT_RETAIN_SELF = YES;
				CLANG_WARN_OBJC_LITERAL_CONVERSION = YES;
				CLANG_WARN_OBJC_ROOT_CLASS = YES_ERROR;
				CLANG_WARN_RANGE_LOOP_ANALYSIS = YES;
				CLANG_WARN_STRICT_PROTOTYPES = YES;
				CLANG_WARN_SUSPICIOUS_MOVE = YES;
				CLANG_WARN_UNREACHABLE_CODE = YES;
				CLANG_WARN__DUPLICATE_METHOD_MATCH = YES;
				CODE_SIGN_IDENTITY = "-";
				COPY_PHASE_STRIP = NO;
				DEBUG_INFORMATION_FORMAT = dwarf;
				ENABLE_STRICT_OBJC_MSGSEND = YES;
				ENABLE_TESTABILITY = YES;
				GCC_C_LANGUAGE_STANDARD = gnu99;
				GCC_DYNAMIC_NO_PIC = NO;
				GCC_NO_COMMON_BLOCKS = YES;
				GCC_OPTIMIZATION_LEVEL = 0;
				GCC_PREPROCESSOR_DEFINITIONS = (
					"DEBUG=1",
					"$(inherited)",
				);
				GCC_WARN_64_TO_32_BIT_CONVERSION = YES;
				GCC_WARN_ABOUT_RETURN_TYPE = YES_ERROR;
				GCC_WARN_UNDECLARED_SELECTOR = YES;
				GCC_WARN_UNINITIALIZED_AUTOS = YES_AGGRESSIVE;
				GCC_WARN_UNUSED_FUNCTION = YES;
				GCC_WARN_UNUSED_VARIABLE = YES;
				MACOSX_DEPLOYMENT_TARGET = 10.11;
				MTL_ENABLE_DEBUG_INFO = YES;
				ONLY_ACTIVE_ARCH = YES;
				SDKROOT = macosx;
				SWIFT_OPTIMIZATION_LEVEL = "-Onone";
			};
			name = Debug;
		};
		071CE23B1D79362D00B82401 /* Release */ = {
			isa = XCBuildConfiguration;
			buildSettings = {
				ALWAYS_SEARCH_USER_PATHS = NO;
				CLANG_ANALYZER_NONNULL = YES;
				CLANG_CXX_LANGUAGE_STANDARD = "gnu++0x";
				CLANG_CXX_LIBRARY = "libc++";
				CLANG_ENABLE_MODULES = YES;
				CLANG_ENABLE_OBJC_ARC = YES;
				CLANG_WARN_BLOCK_CAPTURE_AUTORELEASING = YES;
				CLANG_WARN_BOOL_CONVERSION = YES;
				CLANG_WARN_COMMA = YES;
				CLANG_WARN_CONSTANT_CONVERSION = YES;
				CLANG_WARN_DEPRECATED_OBJC_IMPLEMENTATIONS = YES;
				CLANG_WARN_DIRECT_OBJC_ISA_USAGE = YES_ERROR;
				CLANG_WARN_EMPTY_BODY = YES;
				CLANG_WARN_ENUM_CONVERSION = YES;
				CLANG_WARN_INFINITE_RECURSION = YES;
				CLANG_WARN_INT_CONVERSION = YES;
				CLANG_WARN_NON_LITERAL_NULL_CONVERSION = YES;
				CLANG_WARN_OBJC_IMPLICIT_RETAIN_SELF = YES;
				CLANG_WARN_OBJC_LITERAL_CONVERSION = YES;
				CLANG_WARN_OBJC_ROOT_CLASS = YES_ERROR;
				CLANG_WARN_RANGE_LOOP_ANALYSIS = YES;
				CLANG_WARN_STRICT_PROTOTYPES = YES;
				CLANG_WARN_SUSPICIOUS_MOVE = YES;
				CLANG_WARN_UNREACHABLE_CODE = YES;
				CLANG_WARN__DUPLICATE_METHOD_MATCH = YES;
				CODE_SIGN_IDENTITY = "-";
				COPY_PHASE_STRIP = NO;
				DEBUG_INFORMATION_FORMAT = "dwarf-with-dsym";
				ENABLE_NS_ASSERTIONS = NO;
				ENABLE_STRICT_OBJC_MSGSEND = YES;
				GCC_C_LANGUAGE_STANDARD = gnu99;
				GCC_NO_COMMON_BLOCKS = YES;
				GCC_WARN_64_TO_32_BIT_CONVERSION = YES;
				GCC_WARN_ABOUT_RETURN_TYPE = YES_ERROR;
				GCC_WARN_UNDECLARED_SELECTOR = YES;
				GCC_WARN_UNINITIALIZED_AUTOS = YES_AGGRESSIVE;
				GCC_WARN_UNUSED_FUNCTION = YES;
				GCC_WARN_UNUSED_VARIABLE = YES;
				MACOSX_DEPLOYMENT_TARGET = 10.11;
				MTL_ENABLE_DEBUG_INFO = NO;
				SDKROOT = macosx;
				SWIFT_OPTIMIZATION_LEVEL = "-Owholemodule";
			};
			name = Release;
		};
		071CE23D1D79362D00B82401 /* Debug */ = {
			isa = XCBuildConfiguration;
			buildSettings = {
				ASSETCATALOG_COMPILER_APPICON_NAME = AppIcon;
				CODE_SIGN_IDENTITY = "Developer ID Application";
				COMBINE_HIDPI_IMAGES = YES;
				DEVELOPMENT_TEAM = 48TB6ZZL5S;
				FRAMEWORK_SEARCH_PATHS = (
					"$(inherited)",
					"$(PROJECT_DIR)/OpenLive",
				);
				INFOPLIST_FILE = OpenLive/Info.plist;
				LD_RUNPATH_SEARCH_PATHS = "$(inherited) @executable_path/../Frameworks";
				PRODUCT_BUNDLE_IDENTIFIER = io.agora.OpenLive;
				PRODUCT_NAME = "$(TARGET_NAME)";
				PROVISIONING_PROFILE_SPECIFIER = "";
				SWIFT_OBJC_BRIDGING_HEADER = "OpenLive/OpenLive-Bridging-Header.h";
				SWIFT_OPTIMIZATION_LEVEL = "-Onone";
				SWIFT_SWIFT3_OBJC_INFERENCE = Default;
				SWIFT_VERSION = 4.2;
			};
			name = Debug;
		};
		071CE23E1D79362D00B82401 /* Release */ = {
			isa = XCBuildConfiguration;
			buildSettings = {
				ASSETCATALOG_COMPILER_APPICON_NAME = AppIcon;
				CODE_SIGN_IDENTITY = "Developer ID Application";
				CODE_SIGN_STYLE = Manual;
				COMBINE_HIDPI_IMAGES = YES;
				DEVELOPMENT_TEAM = 48TB6ZZL5S;
				FRAMEWORK_SEARCH_PATHS = (
					"$(inherited)",
					"$(PROJECT_DIR)/OpenLive",
				);
				INFOPLIST_FILE = OpenLive/Info.plist;
				LD_RUNPATH_SEARCH_PATHS = "$(inherited) @executable_path/../Frameworks";
				PRODUCT_BUNDLE_IDENTIFIER = io.agora.OpenLive;
				PRODUCT_NAME = "$(TARGET_NAME)";
				PROVISIONING_PROFILE_SPECIFIER = "";
				SWIFT_OBJC_BRIDGING_HEADER = "OpenLive/OpenLive-Bridging-Header.h";
				SWIFT_SWIFT3_OBJC_INFERENCE = Default;
				SWIFT_VERSION = 4.2;
			};
			name = Release;
		};
/* End XCBuildConfiguration section */

/* Begin XCConfigurationList section */
		071CE2281D79362D00B82401 /* Build configuration list for PBXProject "OpenLive" */ = {
			isa = XCConfigurationList;
			buildConfigurations = (
				071CE23A1D79362D00B82401 /* Debug */,
				071CE23B1D79362D00B82401 /* Release */,
			);
			defaultConfigurationIsVisible = 0;
			defaultConfigurationName = Release;
		};
		071CE23C1D79362D00B82401 /* Build configuration list for PBXNativeTarget "OpenLive" */ = {
			isa = XCConfigurationList;
			buildConfigurations = (
				071CE23D1D79362D00B82401 /* Debug */,
				071CE23E1D79362D00B82401 /* Release */,
			);
			defaultConfigurationIsVisible = 0;
			defaultConfigurationName = Release;
		};
/* End XCConfigurationList section */
	};
	rootObject = 071CE2251D79362D00B82401 /* Project object */;
}
